
Microsoft Visual Studio Solution File, Format Version 12.00
# Visual Studio Version 16
VisualStudioVersion = 16.0.30503.244
MinimumVisualStudioVersion = 10.0.40219.1
Project("{9A19103F-16F7-4668-BE54-9A1E7A4F7556}") = "MeterReader", "MeterReader.csproj", "{76208554-81A5-42E0-AF3B-BC8E778795F0}"
EndProject
Project("{9A19103F-16F7-4668-BE54-9A1E7A4F7556}") = "MeterReader.Tests", "..\tests\MeterReader.Tests.csproj", "{913964B5-0386-4945-B7EF-54F9D7D4E063}"
EndProject
Global
	GlobalSection(SolutionConfigurationPlatforms) = preSolution
		Debug|Any CPU = Debug|Any CPU
		Release|Any CPU = Release|Any CPU
	EndGlobalSection
	GlobalSection(ProjectConfigurationPlatforms) = postSolution
		{76208554-81A5-42E0-AF3B-BC8E778795F0}.Debug|Any CPU.ActiveCfg = Debug|Any CPU
		{76208554-81A5-42E0-AF3B-BC8E778795F0}.Debug|Any CPU.Build.0 = Debug|Any CPU
		{76208554-81A5-42E0-AF3B-BC8E778795F0}.Release|Any CPU.ActiveCfg = Release|Any CPU
		{76208554-81A5-42E0-AF3B-BC8E778795F0}.Release|Any CPU.Build.0 = Release|Any CPU
		{913964B5-0386-4945-B7EF-54F9D7D4E063}.Debug|Any CPU.ActiveCfg = Debug|Any CPU
		{913964B5-0386-4945-B7EF-54F9D7D4E063}.Debug|Any CPU.Build.0 = Debug|Any CPU
		{913964B5-0386-4945-B7EF-54F9D7D4E063}.Release|Any CPU.ActiveCfg = Release|Any CPU
		{913964B5-0386-4945-B7EF-54F9D7D4E063}.Release|Any CPU.Build.0 = Release|Any CPU
	EndGlobalSection
	GlobalSection(SolutionProperties) = preSolution
		HideSolutionNode = FALSE
	EndGlobalSection
	GlobalSection(ExtensibilityGlobals) = postSolution
		SolutionGuid = {C63522CB-307A-4AEA-91BC-AE2D48B1EDF5}
	EndGlobalSection
EndGlobal
